// !$*UTF8*$!
{
	archiveVersion = 1;
	classes = {
	};
	objectVersion = 56;
	objects = {

/* Begin PBXBuildFile section */
		F303EBAA290D5BC7006FCC30 /* TabBar.swift in Sources */ = {isa = PBXBuildFile; fileRef = F303EBA9290D5BC7006FCC30 /* TabBar.swift */; };
		F303EBAC290D612B006FCC30 /* RecipeModel.swift in Sources */ = {isa = PBXBuildFile; fileRef = F303EBAB290D612B006FCC30 /* RecipeModel.swift */; };
		F303EBAE290D6396006FCC30 /* RecipeCard.swift in Sources */ = {isa = PBXBuildFile; fileRef = F303EBAD290D6396006FCC30 /* RecipeCard.swift */; };
		F388E872290D557400143BD3 /* RecipyApp.swift in Sources */ = {isa = PBXBuildFile; fileRef = F388E871290D557400143BD3 /* RecipyApp.swift */; };
		F388E874290D557400143BD3 /* ContentView.swift in Sources */ = {isa = PBXBuildFile; fileRef = F388E873290D557400143BD3 /* ContentView.swift */; };
		F388E876290D557500143BD3 /* Assets.xcassets in Resources */ = {isa = PBXBuildFile; fileRef = F388E875290D557500143BD3 /* Assets.xcassets */; };
		F388E879290D557500143BD3 /* Preview Assets.xcassets in Resources */ = {isa = PBXBuildFile; fileRef = F388E878290D557500143BD3 /* Preview Assets.xcassets */; };
		F388E888290D579D00143BD3 /* HomeView.swift in Sources */ = {isa = PBXBuildFile; fileRef = F388E887290D579D00143BD3 /* HomeView.swift */; };
		F388E88A290D57A300143BD3 /* CategoriesView.swift in Sources */ = {isa = PBXBuildFile; fileRef = F388E889290D57A300143BD3 /* CategoriesView.swift */; };
		F388E88C290D57AF00143BD3 /* FavoritesView.swift in Sources */ = {isa = PBXBuildFile; fileRef = F388E88B290D57AF00143BD3 /* FavoritesView.swift */; };
		F388E88E290D57B700143BD3 /* NewRecipeView.swift in Sources */ = {isa = PBXBuildFile; fileRef = F388E88D290D57B700143BD3 /* NewRecipeView.swift */; };
		F388E890290D57C300143BD3 /* SettingsView.swift in Sources */ = {isa = PBXBuildFile; fileRef = F388E88F290D57C300143BD3 /* SettingsView.swift */; };
		F3B5979D290D6975004FCA87 /* RecipeList.swift in Sources */ = {isa = PBXBuildFile; fileRef = F3B5979C290D6975004FCA87 /* RecipeList.swift */; };
		F3B5979F290D6C10004FCA87 /* RecipeView.swift in Sources */ = {isa = PBXBuildFile; fileRef = F3B5979E290D6C10004FCA87 /* RecipeView.swift */; };
		F3B597A1290D6C6B004FCA87 /* CardImage.swift in Sources */ = {isa = PBXBuildFile; fileRef = F3B597A0290D6C6B004FCA87 /* CardImage.swift */; };
		F3B597A3290D76A7004FCA87 /* CategoryView.swift in Sources */ = {isa = PBXBuildFile; fileRef = F3B597A2290D76A7004FCA87 /* CategoryView.swift */; };
		F3B597A9290DAA76004FCA87 /* AddRecipeView.swift in Sources */ = {isa = PBXBuildFile; fileRef = F3B597A8290DAA76004FCA87 /* AddRecipeView.swift */; };
		F3B597AB290E3CB5004FCA87 /* RecipesViewModel.swift in Sources */ = {isa = PBXBuildFile; fileRef = F3B597AA290E3CB5004FCA87 /* RecipesViewModel.swift */; };
/* End PBXBuildFile section */

/* Begin PBXFileReference section */
		F303EBA9290D5BC7006FCC30 /* TabBar.swift */ = {isa = PBXFileReference; lastKnownFileType = sourcecode.swift; path = TabBar.swift; sourceTree = "<group>"; };
		F303EBAB290D612B006FCC30 /* RecipeModel.swift */ = {isa = PBXFileReference; lastKnownFileType = sourcecode.swift; path = RecipeModel.swift; sourceTree = "<group>"; };
		F303EBAD290D6396006FCC30 /* RecipeCard.swift */ = {isa = PBXFileReference; lastKnownFileType = sourcecode.swift; path = RecipeCard.swift; sourceTree = "<group>"; };
		F388E86E290D557400143BD3 /* recipe.app */ = {isa = PBXFileReference; explicitFileType = wrapper.application; includeInIndex = 0; path = recipe.app; sourceTree = BUILT_PRODUCTS_DIR; };
		F388E871290D557400143BD3 /* RecipyApp.swift */ = {isa = PBXFileReference; lastKnownFileType = sourcecode.swift; path = RecipyApp.swift; sourceTree = "<group>"; };
		F388E873290D557400143BD3 /* ContentView.swift */ = {isa = PBXFileReference; lastKnownFileType = sourcecode.swift; name = ContentView.swift; path = ../../ContentView.swift; sourceTree = "<group>"; };
		F388E875290D557500143BD3 /* Assets.xcassets */ = {isa = PBXFileReference; lastKnownFileType = folder.assetcatalog; path = Assets.xcassets; sourceTree = "<group>"; };
		F388E878290D557500143BD3 /* Preview Assets.xcassets */ = {isa = PBXFileReference; lastKnownFileType = folder.assetcatalog; path = "Preview Assets.xcassets"; sourceTree = "<group>"; };
		F388E887290D579D00143BD3 /* HomeView.swift */ = {isa = PBXFileReference; lastKnownFileType = sourcecode.swift; path = HomeView.swift; sourceTree = "<group>"; };
		F388E889290D57A300143BD3 /* CategoriesView.swift */ = {isa = PBXFileReference; lastKnownFileType = sourcecode.swift; path = CategoriesView.swift; sourceTree = "<group>"; };
		F388E88B290D57AF00143BD3 /* FavoritesView.swift */ = {isa = PBXFileReference; lastKnownFileType = sourcecode.swift; path = FavoritesView.swift; sourceTree = "<group>"; };
		F388E88D290D57B700143BD3 /* NewRecipeView.swift */ = {isa = PBXFileReference; lastKnownFileType = sourcecode.swift; path = NewRecipeView.swift; sourceTree = "<group>"; };
		F388E88F290D57C300143BD3 /* SettingsView.swift */ = {isa = PBXFileReference; lastKnownFileType = sourcecode.swift; path = SettingsView.swift; sourceTree = "<group>"; };
		F3B5979C290D6975004FCA87 /* RecipeList.swift */ = {isa = PBXFileReference; lastKnownFileType = sourcecode.swift; path = RecipeList.swift; sourceTree = "<group>"; };
		F3B5979E290D6C10004FCA87 /* RecipeView.swift */ = {isa = PBXFileReference; lastKnownFileType = sourcecode.swift; path = RecipeView.swift; sourceTree = "<group>"; };
		F3B597A0290D6C6B004FCA87 /* CardImage.swift */ = {isa = PBXFileReference; lastKnownFileType = sourcecode.swift; path = CardImage.swift; sourceTree = "<group>"; };
		F3B597A2290D76A7004FCA87 /* CategoryView.swift */ = {isa = PBXFileReference; lastKnownFileType = sourcecode.swift; path = CategoryView.swift; sourceTree = "<group>"; };
		F3B597A8290DAA76004FCA87 /* AddRecipeView.swift */ = {isa = PBXFileReference; fileEncoding = 4; lastKnownFileType = sourcecode.swift; path = AddRecipeView.swift; sourceTree = "<group>"; };
		F3B597AA290E3CB5004FCA87 /* RecipesViewModel.swift */ = {isa = PBXFileReference; lastKnownFileType = sourcecode.swift; path = RecipesViewModel.swift; sourceTree = "<group>"; };
/* End PBXFileReference section */

/* Begin PBXFrameworksBuildPhase section */
		F388E86B290D557400143BD3 /* Frameworks */ = {
			isa = PBXFrameworksBuildPhase;
			buildActionMask = 2147483647;
			files = (
			);
			runOnlyForDeploymentPostprocessing = 0;
		};
/* End PBXFrameworksBuildPhase section */

/* Begin PBXGroup section */
		F388E865290D557400143BD3 = {
			isa = PBXGroup;
			children = (
				F388E870290D557400143BD3 /* recipe */,
				F388E86F290D557400143BD3 /* Products */,
			);
			sourceTree = "<group>";
		};
		F388E86F290D557400143BD3 /* Products */ = {
			isa = PBXGroup;
			children = (
				F388E86E290D557400143BD3 /* recipe.app */,
			);
			name = Products;
			sourceTree = "<group>";
		};
		F388E870290D557400143BD3 /* recipe */ = {
			isa = PBXGroup;
			children = (
				F388E871290D557400143BD3 /* RecipyApp.swift */,
				F388E87F290D575700143BD3 /* Views */,
				F388E881290D576800143BD3 /* Models */,
				F388E880290D576200143BD3 /* ViewModels */,
				F388E875290D557500143BD3 /* Assets.xcassets */,
				F388E877290D557500143BD3 /* Preview Content */,
			);
			path = recipe;
			sourceTree = "<group>";
		};
		F388E877290D557500143BD3 /* Preview Content */ = {
			isa = PBXGroup;
			children = (
				F388E878290D557500143BD3 /* Preview Assets.xcassets */,
			);
			path = "Preview Content";
			sourceTree = "<group>";
		};
		F388E87F290D575700143BD3 /* Views */ = {
			isa = PBXGroup;
			children = (
				F388E884290D577B00143BD3 /* Components */,
				F388E883290D577500143BD3 /* Detail */,
				F388E882290D577100143BD3 /* Main */,
			);
			path = Views;
			sourceTree = "<group>";
		};
		F388E880290D576200143BD3 /* ViewModels */ = {
			isa = PBXGroup;
			children = (
				F3B597AA290E3CB5004FCA87 /* RecipesViewModel.swift */,
			);
			path = ViewModels;
			sourceTree = "<group>";
		};
		F388E881290D576800143BD3 /* Models */ = {
			isa = PBXGroup;
			children = (
				F303EBAB290D612B006FCC30 /* RecipeModel.swift */,
			);
			path = Models;
			sourceTree = "<group>";
		};
		F388E882290D577100143BD3 /* Main */ = {
			isa = PBXGroup;
			children = (
				F388E873290D557400143BD3 /* ContentView.swift */,
				F388E887290D579D00143BD3 /* HomeView.swift */,
				F303EBA9290D5BC7006FCC30 /* TabBar.swift */,
				F388E889290D57A300143BD3 /* CategoriesView.swift */,
				F388E88B290D57AF00143BD3 /* FavoritesView.swift */,
				F388E88D290D57B700143BD3 /* NewRecipeView.swift */,
				F388E88F290D57C300143BD3 /* SettingsView.swift */,
			);
			path = Main;
			sourceTree = "<group>";
		};
		F388E883290D577500143BD3 /* Detail */ = {
			isa = PBXGroup;
			children = (
				F3B597A8290DAA76004FCA87 /* AddRecipeView.swift */,
				F3B5979E290D6C10004FCA87 /* RecipeView.swift */,
				F3B597A2290D76A7004FCA87 /* CategoryView.swift */,
			);
			path = Detail;
			sourceTree = "<group>";
		};
		F388E884290D577B00143BD3 /* Components */ = {
			isa = PBXGroup;
			children = (
				F303EBAD290D6396006FCC30 /* RecipeCard.swift */,
				F3B597A0290D6C6B004FCA87 /* CardImage.swift */,
				F3B5979C290D6975004FCA87 /* RecipeList.swift */,
			);
			path = Components;
			sourceTree = "<group>";
		};
/* End PBXGroup section */

/* Begin PBXNativeTarget section */
		F388E86D290D557400143BD3 /* recipe */ = {
			isa = PBXNativeTarget;
			buildConfigurationList = F388E87C290D557500143BD3 /* Build configuration list for PBXNativeTarget "recipe" */;
			buildPhases = (
				F388E86A290D557400143BD3 /* Sources */,
				F388E86B290D557400143BD3 /* Frameworks */,
				F388E86C290D557400143BD3 /* Resources */,
			);
			buildRules = (
			);
			dependencies = (
			);
			name = recipe;
			productName = recipe;
			productReference = F388E86E290D557400143BD3 /* recipe.app */;
			productType = "com.apple.product-type.application";
		};
/* End PBXNativeTarget section */

/* Begin PBXProject section */
		F388E866290D557400143BD3 /* Project object */ = {
			isa = PBXProject;
			attributes = {
				BuildIndependentTargetsInParallel = 1;
				LastSwiftUpdateCheck = 1400;
				LastUpgradeCheck = 1400;
				TargetAttributes = {
					F388E86D290D557400143BD3 = {
						CreatedOnToolsVersion = 14.0.1;
					};
				};
			};
			buildConfigurationList = F388E869290D557400143BD3 /* Build configuration list for PBXProject "recipe" */;
			compatibilityVersion = "Xcode 14.0";
			developmentRegion = en;
			hasScannedForEncodings = 0;
			knownRegions = (
				en,
				Base,
			);
			mainGroup = F388E865290D557400143BD3;
			productRefGroup = F388E86F290D557400143BD3 /* Products */;
			projectDirPath = "";
			projectRoot = "";
			targets = (
				F388E86D290D557400143BD3 /* recipe */,
			);
		};
/* End PBXProject section */

/* Begin PBXResourcesBuildPhase section */
		F388E86C290D557400143BD3 /* Resources */ = {
			isa = PBXResourcesBuildPhase;
			buildActionMask = 2147483647;
			files = (
				F388E879290D557500143BD3 /* Preview Assets.xcassets in Resources */,
				F388E876290D557500143BD3 /* Assets.xcassets in Resources */,
			);
			runOnlyForDeploymentPostprocessing = 0;
		};
/* End PBXResourcesBuildPhase section */

/* Begin PBXSourcesBuildPhase section */
		F388E86A290D557400143BD3 /* Sources */ = {
			isa = PBXSourcesBuildPhase;
			buildActionMask = 2147483647;
			files = (
				F388E890290D57C300143BD3 /* SettingsView.swift in Sources */,
				F303EBAE290D6396006FCC30 /* RecipeCard.swift in Sources */,
				F388E88C290D57AF00143BD3 /* FavoritesView.swift in Sources */,
				F388E88A290D57A300143BD3 /* CategoriesView.swift in Sources */,
				F303EBAA290D5BC7006FCC30 /* TabBar.swift in Sources */,
				F3B597AB290E3CB5004FCA87 /* RecipesViewModel.swift in Sources */,
				F388E888290D579D00143BD3 /* HomeView.swift in Sources */,
				F3B597A1290D6C6B004FCA87 /* CardImage.swift in Sources */,
				F3B5979F290D6C10004FCA87 /* RecipeView.swift in Sources */,
				F3B597A3290D76A7004FCA87 /* CategoryView.swift in Sources */,
				F3B5979D290D6975004FCA87 /* RecipeList.swift in Sources */,
				F388E88E290D57B700143BD3 /* NewRecipeView.swift in Sources */,
				F388E874290D557400143BD3 /* ContentView.swift in Sources */,
				F3B597A9290DAA76004FCA87 /* AddRecipeView.swift in Sources */,
				F388E872290D557400143BD3 /* RecipyApp.swift in Sources */,
				F303EBAC290D612B006FCC30 /* RecipeModel.swift in Sources */,
			);
			runOnlyForDeploymentPostprocessing = 0;
		};
/* End PBXSourcesBuildPhase section */

/* Begin XCBuildConfiguration section */
		F388E87A290D557500143BD3 /* Debug */ = {
			isa = XCBuildConfiguration;
			buildSettings = {
				ALWAYS_SEARCH_USER_PATHS = NO;
				CLANG_ANALYZER_NONNULL = YES;
				CLANG_ANALYZER_NUMBER_OBJECT_CONVERSION = YES_AGGRESSIVE;
				CLANG_CXX_LANGUAGE_STANDARD = "gnu++20";
				CLANG_ENABLE_MODULES = YES;
				CLANG_ENABLE_OBJC_ARC = YES;
				CLANG_ENABLE_OBJC_WEAK = YES;
				CLANG_WARN_BLOCK_CAPTURE_AUTORELEASING = YES;
				CLANG_WARN_BOOL_CONVERSION = YES;
				CLANG_WARN_COMMA = YES;
				CLANG_WARN_CONSTANT_CONVERSION = YES;
				CLANG_WARN_DEPRECATED_OBJC_IMPLEMENTATIONS = YES;
				CLANG_WARN_DIRECT_OBJC_ISA_USAGE = YES_ERROR;
				CLANG_WARN_DOCUMENTATION_COMMENTS = YES;
				CLANG_WARN_EMPTY_BODY = YES;
				CLANG_WARN_ENUM_CONVERSION = YES;
				CLANG_WARN_INFINITE_RECURSION = YES;
				CLANG_WARN_INT_CONVERSION = YES;
				CLANG_WARN_NON_LITERAL_NULL_CONVERSION = YES;
				CLANG_WARN_OBJC_IMPLICIT_RETAIN_SELF = YES;
				CLANG_WARN_OBJC_LITERAL_CONVERSION = YES;
				CLANG_WARN_OBJC_ROOT_CLASS = YES_ERROR;
				CLANG_WARN_QUOTED_INCLUDE_IN_FRAMEWORK_HEADER = YES;
				CLANG_WARN_RANGE_LOOP_ANALYSIS = YES;
				CLANG_WARN_STRICT_PROTOTYPES = YES;
				CLANG_WARN_SUSPICIOUS_MOVE = YES;
				CLANG_WARN_UNGUARDED_AVAILABILITY = YES_AGGRESSIVE;
				CLANG_WARN_UNREACHABLE_CODE = YES;
				CLANG_WARN__DUPLICATE_METHOD_MATCH = YES;
				COPY_PHASE_STRIP = NO;
				DEBUG_INFORMATION_FORMAT = dwarf;
				ENABLE_STRICT_OBJC_MSGSEND = YES;
				ENABLE_TESTABILITY = YES;
				GCC_C_LANGUAGE_STANDARD = gnu11;
				GCC_DYNAMIC_NO_PIC = NO;
				GCC_NO_COMMON_BLOCKS = YES;
				GCC_OPTIMIZATION_LEVEL = 0;
				GCC_PREPROCESSOR_DEFINITIONS = (
					"DEBUG=1",
					"$(inherited)",
				);
				GCC_WARN_64_TO_32_BIT_CONVERSION = YES;
				GCC_WARN_ABOUT_RETURN_TYPE = YES_ERROR;
				GCC_WARN_UNDECLARED_SELECTOR = YES;
				GCC_WARN_UNINITIALIZED_AUTOS = YES_AGGRESSIVE;
				GCC_WARN_UNUSED_FUNCTION = YES;
				GCC_WARN_UNUSED_VARIABLE = YES;
				IPHONEOS_DEPLOYMENT_TARGET = 16.0;
				MTL_ENABLE_DEBUG_INFO = INCLUDE_SOURCE;
				MTL_FAST_MATH = YES;
				ONLY_ACTIVE_ARCH = YES;
				SDKROOT = iphoneos;
				SWIFT_ACTIVE_COMPILATION_CONDITIONS = DEBUG;
				SWIFT_OPTIMIZATION_LEVEL = "-Onone";
			};
			name = Debug;
		};
		F388E87B290D557500143BD3 /* Release */ = {
			isa = XCBuildConfiguration;
			buildSettings = {
				ALWAYS_SEARCH_USER_PATHS = NO;
				CLANG_ANALYZER_NONNULL = YES;
				CLANG_ANALYZER_NUMBER_OBJECT_CONVERSION = YES_AGGRESSIVE;
				CLANG_CXX_LANGUAGE_STANDARD = "gnu++20";
				CLANG_ENABLE_MODULES = YES;
				CLANG_ENABLE_OBJC_ARC = YES;
				CLANG_ENABLE_OBJC_WEAK = YES;
				CLANG_WARN_BLOCK_CAPTURE_AUTORELEASING = YES;
				CLANG_WARN_BOOL_CONVERSION = YES;
				CLANG_WARN_COMMA = YES;
				CLANG_WARN_CONSTANT_CONVERSION = YES;
				CLANG_WARN_DEPRECATED_OBJC_IMPLEMENTATIONS = YES;
				CLANG_WARN_DIRECT_OBJC_ISA_USAGE = YES_ERROR;
				CLANG_WARN_DOCUMENTATION_COMMENTS = YES;
				CLANG_WARN_EMPTY_BODY = YES;
				CLANG_WARN_ENUM_CONVERSION = YES;
				CLANG_WARN_INFINITE_RECURSION = YES;
				CLANG_WARN_INT_CONVERSION = YES;
				CLANG_WARN_NON_LITERAL_NULL_CONVERSION = YES;
				CLANG_WARN_OBJC_IMPLICIT_RETAIN_SELF = YES;
				CLANG_WARN_OBJC_LITERAL_CONVERSION = YES;
				CLANG_WARN_OBJC_ROOT_CLASS = YES_ERROR;
				CLANG_WARN_QUOTED_INCLUDE_IN_FRAMEWORK_HEADER = YES;
				CLANG_WARN_RANGE_LOOP_ANALYSIS = YES;
				CLANG_WARN_STRICT_PROTOTYPES = YES;
				CLANG_WARN_SUSPICIOUS_MOVE = YES;
				CLANG_WARN_UNGUARDED_AVAILABILITY = YES_AGGRESSIVE;
				CLANG_WARN_UNREACHABLE_CODE = YES;
				CLANG_WARN__DUPLICATE_METHOD_MATCH = YES;
				COPY_PHASE_STRIP = NO;
				DEBUG_INFORMATION_FORMAT = "dwarf-with-dsym";
				ENABLE_NS_ASSERTIONS = NO;
				ENABLE_STRICT_OBJC_MSGSEND = YES;
				GCC_C_LANGUAGE_STANDARD = gnu11;
				GCC_NO_COMMON_BLOCKS = YES;
				GCC_WARN_64_TO_32_BIT_CONVERSION = YES;
				GCC_WARN_ABOUT_RETURN_TYPE = YES_ERROR;
				GCC_WARN_UNDECLARED_SELECTOR = YES;
				GCC_WARN_UNINITIALIZED_AUTOS = YES_AGGRESSIVE;
				GCC_WARN_UNUSED_FUNCTION = YES;
				GCC_WARN_UNUSED_VARIABLE = YES;
				IPHONEOS_DEPLOYMENT_TARGET = 16.0;
				MTL_ENABLE_DEBUG_INFO = NO;
				MTL_FAST_MATH = YES;
				SDKROOT = iphoneos;
				SWIFT_COMPILATION_MODE = wholemodule;
				SWIFT_OPTIMIZATION_LEVEL = "-O";
				VALIDATE_PRODUCT = YES;
			};
			name = Release;
		};
		F388E87D290D557500143BD3 /* Debug */ = {
			isa = XCBuildConfiguration;
			buildSettings = {
				ASSETCATALOG_COMPILER_APPICON_NAME = AppIcon;
				ASSETCATALOG_COMPILER_GLOBAL_ACCENT_COLOR_NAME = AccentColor;
				CODE_SIGN_STYLE = Automatic;
				CURRENT_PROJECT_VERSION = 1;
				DEVELOPMENT_ASSET_PATHS = "\"recipe/Preview Content\"";
				DEVELOPMENT_TEAM = A7KBJHUK4F;
				ENABLE_PREVIEWS = YES;
				GENERATE_INFOPLIST_FILE = YES;
				INFOPLIST_KEY_CFBundleDisplayName = Recipy;
				INFOPLIST_KEY_LSApplicationCategoryType = "public.app-category.books";
				INFOPLIST_KEY_UIApplicationSceneManifest_Generation = YES;
				INFOPLIST_KEY_UIApplicationSupportsIndirectInputEvents = YES;
				INFOPLIST_KEY_UILaunchScreen_Generation = YES;
				INFOPLIST_KEY_UISupportedInterfaceOrientations_iPad = "UIInterfaceOrientationPortrait UIInterfaceOrientationPortraitUpsideDown UIInterfaceOrientationLandscapeLeft UIInterfaceOrientationLandscapeRight";
				INFOPLIST_KEY_UISupportedInterfaceOrientations_iPhone = "UIInterfaceOrientationPortrait UIInterfaceOrientationLandscapeLeft UIInterfaceOrientationLandscapeRight";
				LD_RUNPATH_SEARCH_PATHS = (
					"$(inherited)",
					"@executable_path/Frameworks",
				);
				MARKETING_VERSION = 1.0;
				PRODUCT_BUNDLE_IDENTIFIER = io.seniortips.recipy;
				PRODUCT_NAME = "$(TARGET_NAME)";
				SWIFT_EMIT_LOC_STRINGS = YES;
				SWIFT_VERSION = 5.0;
				TARGETED_DEVICE_FAMILY = "1,2";
			};
			name = Debug;
		};
		F388E87E290D557500143BD3 /* Release */ = {
			isa = XCBuildConfiguration;
			buildSettings = {
				ASSETCATALOG_COMPILER_APPICON_NAME = AppIcon;
				ASSETCATALOG_COMPILER_GLOBAL_ACCENT_COLOR_NAME = AccentColor;
				CODE_SIGN_STYLE = Automatic;
				CURRENT_PROJECT_VERSION = 1;
				DEVELOPMENT_ASSET_PATHS = "\"recipe/Preview Content\"";
				DEVELOPMENT_TEAM = A7KBJHUK4F;
				ENABLE_PREVIEWS = YES;
				GENERATE_INFOPLIST_FILE = YES;
				INFOPLIST_KEY_CFBundleDisplayName = Recipy;
				INFOPLIST_KEY_LSApplicationCategoryType = "public.app-category.books";
				INFOPLIST_KEY_UIApplicationSceneManifest_Generation = YES;
				INFOPLIST_KEY_UIApplicationSupportsIndirectInputEvents = YES;
				INFOPLIST_KEY_UILaunchScreen_Generation = YES;
				INFOPLIST_KEY_UISupportedInterfaceOrientations_iPad = "UIInterfaceOrientationPortrait UIInterfaceOrientationPortraitUpsideDown UIInterfaceOrientationLandscapeLeft UIInterfaceOrientationLandscapeRight";
				INFOPLIST_KEY_UISupportedInterfaceOrientations_iPhone = "UIInterfaceOrientationPortrait UIInterfaceOrientationLandscapeLeft UIInterfaceOrientationLandscapeRight";
				LD_RUNPATH_SEARCH_PATHS = (
					"$(inherited)",
					"@executable_path/Frameworks",
				);
				MARKETING_VERSION = 1.0;
				PRODUCT_BUNDLE_IDENTIFIER = io.seniortips.recipy;
				PRODUCT_NAME = "$(TARGET_NAME)";
				SWIFT_EMIT_LOC_STRINGS = YES;
				SWIFT_VERSION = 5.0;
				TARGETED_DEVICE_FAMILY = "1,2";
			};
			name = Release;
		};
/* End XCBuildConfiguration section */

/* Begin XCConfigurationList section */
		F388E869290D557400143BD3 /* Build configuration list for PBXProject "recipe" */ = {
			isa = XCConfigurationList;
			buildConfigurations = (
				F388E87A290D557500143BD3 /* Debug */,
				F388E87B290D557500143BD3 /* Release */,
			);
			defaultConfigurationIsVisible = 0;
			defaultConfigurationName = Release;
		};
		F388E87C290D557500143BD3 /* Build configuration list for PBXNativeTarget "recipe" */ = {
			isa = XCConfigurationList;
			buildConfigurations = (
				F388E87D290D557500143BD3 /* Debug */,
				F388E87E290D557500143BD3 /* Release */,
			);
			defaultConfigurationIsVisible = 0;
			defaultConfigurationName = Release;
		};
/* End XCConfigurationList section */
	};
	rootObject = F388E866290D557400143BD3 /* Project object */;
}
